{
  "version": "4",
  "specifiers": {
    "jsr:@std/assert@1.0.6": "1.0.6",
    "jsr:@std/internal@^1.0.4": "1.0.4",
    "npm:zod-to-json-schema@3.23.5": "3.23.5_zod@3.23.8",
    "npm:zod@3.23.8": "3.23.8"
  },
  "jsr": {
    "@std/assert@1.0.6": {
      "integrity": "1904c05806a25d94fe791d6d883b685c9e2dcd60e4f9fc30f4fc5cf010c72207",
      "dependencies": [
        "jsr:@std/internal"
      ]
    },
    "@std/internal@1.0.4": {
      "integrity": "62e8e4911527e5e4f307741a795c0b0a9e6958d0b3790716ae71ce085f755422"
    }
  },
  "npm": {
    "zod-to-json-schema@3.23.5_zod@3.23.8": {
      "integrity": "sha512-5wlSS0bXfF/BrL4jPAbz9da5hDlDptdEppYfe+x4eIJ7jioqKG9uUxOwPzqof09u/XeVdrgFu29lZi+8XNDJtA==",
      "dependencies": [
        "zod"
      ]
    },
    "zod@3.23.8": {
      "integrity": "sha512-XBx9AXhXktjUqnepgTiE5flcKIYWi/rme0Eaj+5Y0lftuGBq+jyRu/md4WnuxqgP1ubdpNCsYEYPxrzVHD8d6g=="
    }
  },
  "remote": {
    "https://esm.sh/ajv-formats@2.1.1": "575b3830618970ddc3aba96310bf4df7358bb37fcea101f58b36897ff3ac2ea7",
    "https://esm.sh/ajv@8.12.0": "965ce16eff0cefef99e67478c5ee760928bd8931d40c3b958325cdd6ab6149f2",
    "https://esm.sh/v135/ajv-formats@2.1.1/denonext/ajv-formats.mjs": "06092e00b42202633ae6dab4b53287c133af882ddb14c6707277cdb237634967",
    "https://esm.sh/v135/ajv@8.12.0/denonext/ajv.mjs": "4645df9093d0f8be0e964070a4a7aea8adea06e8883660340931f7a3f979fc65",
    "https://esm.sh/v135/ajv@8.12.0/denonext/dist/compile/codegen.js": "d981238e5b1e78217e1c6db59cbd594369279722c608ed630d08717ee44edd84",
    "https://esm.sh/v135/fast-deep-equal@3.1.3/denonext/fast-deep-equal.mjs": "6313b3e05436550e1c0aeb2a282206b9b8d9213b4c6f247964dd7bb4835fb9e5",
    "https://esm.sh/v135/json-schema-traverse@1.0.0/denonext/json-schema-traverse.mjs": "c5da8353bc014e49ebbb1a2c0162d29969a14c325da19644e511f96ba670cc45",
    "https://esm.sh/v135/uri-js@4.4.1/denonext/uri-js.mjs": "901d462f9db207376b39ec603d841d87e6b9e9568ce97dfaab12aa77d0f99f74"
  },
  "workspace": {
    "dependencies": [
      "jsr:@std/assert@1.0.6",
      "npm:zod-to-json-schema@3.23.5",
      "npm:zod@3.23.8"
    ]
  }
}
